{
  "name": "files",
  "version": "1.0.0",
  "lockfileVersion": 2,
  "requires": true,
  "packages": {
    "": {
      "name": "files",
      "version": "1.0.0",
      "license": "ISC",
      "dependencies": {
        "axios": "^0.21.1",
        "fs.promises": "^0.1.2",
        "is-valid-http-url": "^1.0.3"
      }
    },
    "node_modules/axios": {
      "version": "0.21.1",
      "resolved": "https://registry.npmjs.org/axios/-/axios-0.21.1.tgz",
      "integrity": "sha512-dKQiRHxGD9PPRIUNIWvZhPTPpl1rf/OxTYKsqKUDjBwYylTvV7SjSHJb9ratfyzM6wCdLCOYLzs73qpg5c4iGA==",
      "dependencies": {
        "follow-redirects": "^1.10.0"
      }
    },
    "node_modules/follow-redirects": {
      "version": "1.14.1",
      "resolved": "https://registry.npmjs.org/follow-redirects/-/follow-redirects-1.14.1.tgz",
      "integrity": "sha512-HWqDgT7ZEkqRzBvc2s64vSZ/hfOceEol3ac/7tKwzuvEyWx3/4UegXh5oBOIotkGsObyk3xznnSRVADBgWSQVg==",
      "funding": [
        {
          "type": "individual",
          "url": "https://github.com/sponsors/RubenVerborgh"
        }
      ],
      "engines": {
        "node": ">=4.0"
      },
      "peerDependenciesMeta": {
        "debug": {
          "optional": true
        }
      }
    },
    "node_modules/fs.promises": {
      "version": "0.1.2",
      "resolved": "https://registry.npmjs.org/fs.promises/-/fs.promises-0.1.2.tgz",
      "integrity": "sha512-LNfkXdN6EToumV455EbdJaNxqLmEFqKqNZVIEyI2whtdpIppTsne2fHWgx05s+B2Aif29Lhzdz0AaOXKLvMGsA==",
      "engines": {
        "node": ">=8.9"
      }
    },
    "node_modules/is-valid-http-url": {
      "version": "1.0.3",
      "resolved": "https://registry.npmjs.org/is-valid-http-url/-/is-valid-http-url-1.0.3.tgz",
      "integrity": "sha512-lrPp25k/Ft3HdusDBdXqne9lNKDtN0HWIHNuC9cfzuFBLlay/gyQeBJukUR1smjyp+zw+gJ5E9wHonpcE9kiCQ==",
      "engines": {
        "node": ">=6"
      }
    }
  },
  "dependencies": {
    "axios": {
      "version": "0.21.1",
      "resolved": "https://registry.npmjs.org/axios/-/axios-0.21.1.tgz",
      "integrity": "sha512-dKQiRHxGD9PPRIUNIWvZhPTPpl1rf/OxTYKsqKUDjBwYylTvV7SjSHJb9ratfyzM6wCdLCOYLzs73qpg5c4iGA==",
      "requires": {
        "follow-redirects": "^1.10.0"
      }
    },
    "follow-redirects": {
      "version": "1.14.1",
      "resolved": "https://registry.npmjs.org/follow-redirects/-/follow-redirects-1.14.1.tgz",
      "integrity": "sha512-HWqDgT7ZEkqRzBvc2s64vSZ/hfOceEol3ac/7tKwzuvEyWx3/4UegXh5oBOIotkGsObyk3xznnSRVADBgWSQVg=="
    },
    "fs.promises": {
      "version": "0.1.2",
      "resolved": "https://registry.npmjs.org/fs.promises/-/fs.promises-0.1.2.tgz",
      "integrity": "sha512-LNfkXdN6EToumV455EbdJaNxqLmEFqKqNZVIEyI2whtdpIppTsne2fHWgx05s+B2Aif29Lhzdz0AaOXKLvMGsA=="
    },
    "is-valid-http-url": {
      "version": "1.0.3",
      "resolved": "https://registry.npmjs.org/is-valid-http-url/-/is-valid-http-url-1.0.3.tgz",
      "integrity": "sha512-lrPp25k/Ft3HdusDBdXqne9lNKDtN0HWIHNuC9cfzuFBLlay/gyQeBJukUR1smjyp+zw+gJ5E9wHonpcE9kiCQ=="
    }
  }
}
